github.com/armon/go-proxyproto v0.0.0-20210323213023-7e956b284f0a/go.mod h1:QmP9hvJ91BbJmGVGSbutW19IC0Q9phDCLGaomwTJbgU=
github.com/armon/go-proxyproto v0.1.0 h1:TWWcSsjco7o2itn6r25/5AqKBiWmsiuzsUDLT/MTl7k=
github.com/armon/go-proxyproto v0.1.0/go.mod h1:Xj90dce2VKbHzRAeiVQAMBtj4M5oidoXJ8lmgyW21mw=
github.com/google/btree v1.1.2 h1:xf4v41cLI2Z6FxbKm+8Bu+m8ifhj15JuZ9sa0jZCMUU=
github.com/google/btree v1.1.2/go.mod h1:qOPhT0dTNdNzV6Z/lhRX0YXUafgPLFUh+gZMl761Gm4=
github.com/google/go-cmp v0.5.9 h1:O2Tfq5qg4qc4AmwVlvv0oLiVAGB7enBSJ2x2DqQFi38=
github.com/google/go-cmp v0.5.9/go.mod h1:17dUlkBOakJ0+DkrSSNjCkIjxS6bF9zb3elmeNGIjoY=
github.com/inetaf/tcpproxy v0.0.0-20240214030015-3ce58045626c h1:gYfYE403/nlrGNYj6BEOs9ucLCAGB9gstlSk92DttTg=
github.com/inetaf/tcpproxy v0.0.0-20240214030015-3ce58045626c/go.mod h1:Di7LXRyUcnvAcLicFhtM9/MlZl/TNgRSDHORM2c6CMI=
golang.org/x/crypto v0.21.0 h1:X31++rzVUdKhX5sWmSOFZxx8UW/ldWx55cbf08iNAMA=
golang.org/x/crypto v0.21.0/go.mod h1:0BP7YvVV9gBbVKyeTG0Gyn+gZm94bibOW5BjDEYAOMs=
golang.org/x/net v0.22.0 h1:9sGLhx7iRIHEiX0oAJ3MRZMUCElJgy7Br1nO+AMN3Tc=
golang.org/x/net v0.22.0/go.mod h1:JKghWKKOSdJwpW2GEx0Ja7fmaKnMsbu+MWVZTokSYmg=
golang.org/x/sys v0.18.0 h1:DBdB3niSjOA/O0blCZBqDefyWNYveAYMNF1Wum0DYQ4=
golang.org/x/sys v0.18.0/go.mod h1:/VUhepiaJMQUp4+oa/7Zr1D23ma6VTLIYjOOTFZPUcA=
golang.org/x/text v0.14.0 h1:ScX5w1eTa3QqT8oi6+ziP7dTV1S2+ALU0bI+0zXKWiQ=
golang.org/x/text v0.14.0/go.mod h1:18ZOQIKpY8NJVqYksKHtTdi31H5itFRjB5/qKTNYzSU=
golang.org/x/time v0.5.0 h1:o7cqy6amK/52YcAKIPlM3a+Fpj35zvRj2TP+e1xFSfk=
golang.org/x/time v0.5.0/go.mod h1:3BpzKBy/shNhVucY/MWOyx10tF3SFh9QdLuxbVysPQM=
golang.zx2c4.com/wintun v0.0.0-20230126152724-0fa3db229ce2 h1:B82qJJgjvYKsXS9jeunTOisW56dUokqW/FOteYJJ/yg=
golang.zx2c4.com/wintun v0.0.0-20230126152724-0fa3db229ce2/go.mod h1:deeaetjYA+DHMHg+sMSMI58GrEteJUUzzw7en6TJQcI=
golang.zx2c4.com/wireguard v0.0.0-20231211153847-12269c276173 h1:/jFs0duh4rdb8uIfPMv78iAJGcPKDeqAFnaLBropIC4=
golang.zx2c4.com/wireguard v0.0.0-20231211153847-12269c276173/go.mod h1:tkCQ4FQXmpAgYVh++1cq16/dH4QJtmvpRv19DWGAHSA=
golang.zx2c4.com/wireguard/wgctrl v0.0.0-20230429144221-925a1e7659e6 h1:CawjfCvYQH2OU3/TnxLx97WDSUDRABfT18pCOYwc2GE=
golang.zx2c4.com/wireguard/wgctrl v0.0.0-20230429144221-925a1e7659e6/go.mod h1:3rxYc4HtVcSG9gVaTs2GEBdehh+sYPOwKtyUWEOTb80=
gvisor.dev/gvisor v0.0.0-20230927004350-cbd86285d259 h1:TbRPT0HtzFP3Cno1zZo7yPzEEnfu8EjLfl6IU9VfqkQ=
gvisor.dev/gvisor v0.0.0-20230927004350-cbd86285d259/go.mod h1:AVgIgHMwK63XvmAzWG9vLQ41YnVHN0du0tEC46fI7yY=
